
Microsoft Visual Studio Solution File, Format Version 12.00
# Visual Studio Version 17
VisualStudioVersion = 17.4.33205.214
MinimumVisualStudioVersion = 10.0.40219.1
Project("{FAE04EC0-301F-11D3-BF4B-00C04F79EFBC}") = "StateStorage", "StateStorage\StateStorage.csproj", "{96AA19E1-6EA9-4A13-9F72-4C7BC65B3AEC}"
EndProject
Global
	GlobalSection(SolutionConfigurationPlatforms) = preSolution
		Debug|Any CPU = Debug|Any CPU
		Release|Any CPU = Release|Any CPU
	EndGlobalSection
	GlobalSection(ProjectConfigurationPlatforms) = postSolution
		{96AA19E1-6EA9-4A13-9F72-4C7BC65B3AEC}.Debug|Any CPU.ActiveCfg = Debug|Any CPU
		{96AA19E1-6EA9-4A13-9F72-4C7BC65B3AEC}.Debug|Any CPU.Build.0 = Debug|Any CPU
		{96AA19E1-6EA9-4A13-9F72-4C7BC65B3AEC}.Release|Any CPU.ActiveCfg = Release|Any CPU
		{96AA19E1-6EA9-4A13-9F72-4C7BC65B3AEC}.Release|Any CPU.Build.0 = Release|Any CPU
	EndGlobalSection
	GlobalSection(SolutionProperties) = preSolution
		HideSolutionNode = FALSE
	EndGlobalSection
	GlobalSection(ExtensibilityGlobals) = postSolution
		SolutionGuid = {62F95781-5ED4-4528-A259-31FA859C0F98}
	EndGlobalSection
EndGlobal
